
Microsoft Visual Studio Solution File, Format Version 12.00
# Visual Studio Version 17
VisualStudioVersion = 17.5.33530.505
MinimumVisualStudioVersion = 10.0.40219.1
Project("{FAE04EC0-301F-11D3-BF4B-00C04F79EFBC}") = "BlazorFullStackCrud.Server", "BlazorFullStackCrud\Server\BlazorFullStackCrud.Server.csproj", "{B384E547-1CEE-4CFD-9161-6BD1D04F6F4A}"
EndProject
Project("{FAE04EC0-301F-11D3-BF4B-00C04F79EFBC}") = "BlazorFullStackCrud.Client", "BlazorFullStackCrud\Client\BlazorFullStackCrud.Client.csproj", "{B993319B-0E0B-44B2-AB04-EB138FE86099}"
EndProject
Project("{FAE04EC0-301F-11D3-BF4B-00C04F79EFBC}") = "BlazorFullStackCrud.Shared", "BlazorFullStackCrud\Shared\BlazorFullStackCrud.Shared.csproj", "{7CA17654-4B0C-459C-8702-FA87C9A35FE8}"
EndProject
Global
	GlobalSection(SolutionConfigurationPlatforms) = preSolution
		Debug|Any CPU = Debug|Any CPU
		Release|Any CPU = Release|Any CPU
	EndGlobalSection
	GlobalSection(ProjectConfigurationPlatforms) = postSolution
		{B384E547-1CEE-4CFD-9161-6BD1D04F6F4A}.Debug|Any CPU.ActiveCfg = Debug|Any CPU
		{B384E547-1CEE-4CFD-9161-6BD1D04F6F4A}.Debug|Any CPU.Build.0 = Debug|Any CPU
		{B384E547-1CEE-4CFD-9161-6BD1D04F6F4A}.Release|Any CPU.ActiveCfg = Release|Any CPU
		{B384E547-1CEE-4CFD-9161-6BD1D04F6F4A}.Release|Any CPU.Build.0 = Release|Any CPU
		{B993319B-0E0B-44B2-AB04-EB138FE86099}.Debug|Any CPU.ActiveCfg = Debug|Any CPU
		{B993319B-0E0B-44B2-AB04-EB138FE86099}.Debug|Any CPU.Build.0 = Debug|Any CPU
		{B993319B-0E0B-44B2-AB04-EB138FE86099}.Release|Any CPU.ActiveCfg = Release|Any CPU
		{B993319B-0E0B-44B2-AB04-EB138FE86099}.Release|Any CPU.Build.0 = Release|Any CPU
		{7CA17654-4B0C-459C-8702-FA87C9A35FE8}.Debug|Any CPU.ActiveCfg = Debug|Any CPU
		{7CA17654-4B0C-459C-8702-FA87C9A35FE8}.Debug|Any CPU.Build.0 = Debug|Any CPU
		{7CA17654-4B0C-459C-8702-FA87C9A35FE8}.Release|Any CPU.ActiveCfg = Release|Any CPU
		{7CA17654-4B0C-459C-8702-FA87C9A35FE8}.Release|Any CPU.Build.0 = Release|Any CPU
	EndGlobalSection
	GlobalSection(SolutionProperties) = preSolution
		HideSolutionNode = FALSE
	EndGlobalSection
	GlobalSection(ExtensibilityGlobals) = postSolution
		SolutionGuid = {057F5914-5703-4718-8897-0AA1B680779F}
	EndGlobalSection
EndGlobal
